
Microsoft Visual Studio Solution File, Format Version 12.00
# Visual Studio Version 17
VisualStudioVersion = 17.4.33103.184
MinimumVisualStudioVersion = 10.0.40219.1
Project("{2150E333-8FDC-42A3-9474-1A3956D46DE8}") = "docker", "docker", "{84FB1A72-6A72-4BBB-9522-77C9C6FA5C53}"
EndProject
Project("{2150E333-8FDC-42A3-9474-1A3956D46DE8}") = "src", "src", "{FAB54C91-095B-412D-9D2A-868D5D1BB664}"
EndProject
Project("{2150E333-8FDC-42A3-9474-1A3956D46DE8}") = "tests", "tests", "{DEBD7B3A-26B8-4720-A73A-03D0BD6538F2}"
EndProject
Project("{2150E333-8FDC-42A3-9474-1A3956D46DE8}") = "Api", "Api", "{8EDE24BD-9A0B-4C8F-B0D6-B64BD67F323E}"
EndProject
Project("{2150E333-8FDC-42A3-9474-1A3956D46DE8}") = "Core", "Core", "{6139FCDF-20F7-4C70-9004-13D2A7E59CF2}"
EndProject
Project("{2150E333-8FDC-42A3-9474-1A3956D46DE8}") = "Infrastructure", "Infrastructure", "{638B65AC-9C2B-495A-9069-15583DEDF62F}"
EndProject
Project("{FAE04EC0-301F-11D3-BF4B-00C04F79EFBC}") = "Employees.Api", "Employees.Api\Employees.Api.csproj", "{BDC74D4D-65C4-49DB-88BF-0303F48722DF}"
EndProject
Project("{2150E333-8FDC-42A3-9474-1A3956D46DE8}") = "Application", "Application", "{48CE8E8B-91FA-47B5-A701-365C7ED3280B}"
EndProject
Project("{FAE04EC0-301F-11D3-BF4B-00C04F79EFBC}") = "Employees.Application", "Employees.Application\Employees.Application.csproj", "{3ECC4E9B-4618-4BA2-8911-3065D18DFEE2}"
EndProject
Project("{FAE04EC0-301F-11D3-BF4B-00C04F79EFBC}") = "Employees.Domain", "Employees.Domain\Employees.Domain.csproj", "{21CC9317-B45B-488F-853F-F1E07D64D032}"
EndProject
Project("{FAE04EC0-301F-11D3-BF4B-00C04F79EFBC}") = "Employees.Infrastructure", "Employees.Infrastructure\Employees.Infrastructure.csproj", "{C67AB1F8-1174-4362-A4BC-2DA17DBC9F73}"
EndProject
Project("{FAE04EC0-301F-11D3-BF4B-00C04F79EFBC}") = "Domain.Tests", "Domain.Tests\Domain.Tests.csproj", "{22165701-2783-429D-9F52-EEF0806B1339}"
EndProject
Global
	GlobalSection(SolutionConfigurationPlatforms) = preSolution
		Debug|Any CPU = Debug|Any CPU
		Release|Any CPU = Release|Any CPU
	EndGlobalSection
	GlobalSection(ProjectConfigurationPlatforms) = postSolution
		{BDC74D4D-65C4-49DB-88BF-0303F48722DF}.Debug|Any CPU.ActiveCfg = Debug|Any CPU
		{BDC74D4D-65C4-49DB-88BF-0303F48722DF}.Debug|Any CPU.Build.0 = Debug|Any CPU
		{BDC74D4D-65C4-49DB-88BF-0303F48722DF}.Release|Any CPU.ActiveCfg = Release|Any CPU
		{BDC74D4D-65C4-49DB-88BF-0303F48722DF}.Release|Any CPU.Build.0 = Release|Any CPU
		{3ECC4E9B-4618-4BA2-8911-3065D18DFEE2}.Debug|Any CPU.ActiveCfg = Debug|Any CPU
		{3ECC4E9B-4618-4BA2-8911-3065D18DFEE2}.Debug|Any CPU.Build.0 = Debug|Any CPU
		{3ECC4E9B-4618-4BA2-8911-3065D18DFEE2}.Release|Any CPU.ActiveCfg = Release|Any CPU
		{3ECC4E9B-4618-4BA2-8911-3065D18DFEE2}.Release|Any CPU.Build.0 = Release|Any CPU
		{21CC9317-B45B-488F-853F-F1E07D64D032}.Debug|Any CPU.ActiveCfg = Debug|Any CPU
		{21CC9317-B45B-488F-853F-F1E07D64D032}.Debug|Any CPU.Build.0 = Debug|Any CPU
		{21CC9317-B45B-488F-853F-F1E07D64D032}.Release|Any CPU.ActiveCfg = Release|Any CPU
		{21CC9317-B45B-488F-853F-F1E07D64D032}.Release|Any CPU.Build.0 = Release|Any CPU
		{C67AB1F8-1174-4362-A4BC-2DA17DBC9F73}.Debug|Any CPU.ActiveCfg = Debug|Any CPU
		{C67AB1F8-1174-4362-A4BC-2DA17DBC9F73}.Debug|Any CPU.Build.0 = Debug|Any CPU
		{C67AB1F8-1174-4362-A4BC-2DA17DBC9F73}.Release|Any CPU.ActiveCfg = Release|Any CPU
		{C67AB1F8-1174-4362-A4BC-2DA17DBC9F73}.Release|Any CPU.Build.0 = Release|Any CPU
		{22165701-2783-429D-9F52-EEF0806B1339}.Debug|Any CPU.ActiveCfg = Debug|Any CPU
		{22165701-2783-429D-9F52-EEF0806B1339}.Debug|Any CPU.Build.0 = Debug|Any CPU
		{22165701-2783-429D-9F52-EEF0806B1339}.Release|Any CPU.ActiveCfg = Release|Any CPU
		{22165701-2783-429D-9F52-EEF0806B1339}.Release|Any CPU.Build.0 = Release|Any CPU
	EndGlobalSection
	GlobalSection(SolutionProperties) = preSolution
		HideSolutionNode = FALSE
	EndGlobalSection
	GlobalSection(NestedProjects) = preSolution
		{8EDE24BD-9A0B-4C8F-B0D6-B64BD67F323E} = {FAB54C91-095B-412D-9D2A-868D5D1BB664}
		{6139FCDF-20F7-4C70-9004-13D2A7E59CF2} = {FAB54C91-095B-412D-9D2A-868D5D1BB664}
		{638B65AC-9C2B-495A-9069-15583DEDF62F} = {FAB54C91-095B-412D-9D2A-868D5D1BB664}
		{BDC74D4D-65C4-49DB-88BF-0303F48722DF} = {8EDE24BD-9A0B-4C8F-B0D6-B64BD67F323E}
		{48CE8E8B-91FA-47B5-A701-365C7ED3280B} = {FAB54C91-095B-412D-9D2A-868D5D1BB664}
		{3ECC4E9B-4618-4BA2-8911-3065D18DFEE2} = {48CE8E8B-91FA-47B5-A701-365C7ED3280B}
		{21CC9317-B45B-488F-853F-F1E07D64D032} = {6139FCDF-20F7-4C70-9004-13D2A7E59CF2}
		{C67AB1F8-1174-4362-A4BC-2DA17DBC9F73} = {638B65AC-9C2B-495A-9069-15583DEDF62F}
		{22165701-2783-429D-9F52-EEF0806B1339} = {DEBD7B3A-26B8-4720-A73A-03D0BD6538F2}
	EndGlobalSection
	GlobalSection(ExtensibilityGlobals) = postSolution
		SolutionGuid = {ED9E78ED-1BF8-4A05-BA35-7D5288709ED5}
	EndGlobalSection
EndGlobal
